# This file was autogenerated by Stack.
# You should not edit this file by hand.
# For more information, please see the documentation at:
#   https://docs.haskellstack.org/en/stable/lock_files

packages:
- completed:
    commit: 02af0b351e0ee12b35df32741ad2363c863a652a
    git: git@github.com:DataHaskell/dh-core.git
    name: datasets
    pantry-tree:
      sha256: b151902653f47c2af9d89be31d96df6c1f56463dc07ff3a8a5982a87fbcc593a
      size: 4986
    subdir: datasets
    version: 0.4.0
  original:
    commit: 02af0b351e0ee12b35df32741ad2363c863a652a
    git: git@github.com:DataHaskell/dh-core.git
    subdir: datasets
- completed:
    hackage: flat-0.6@sha256:fbb17e2ae8ec5a7e02d74b505178b92ceb19ef991054c625ea570d33a595dfa3,7464
    pantry-tree:
      sha256: 113fd05091deedc18c46a172b6b619d07c05c401b6c0ad408324657ddcb96ea1
      size: 4834
  original:
    hackage: flat-0.6
snapshots:
- completed:
    sha256: 14ca51a9a597c32dd7804c10d079feea3d0ae40c5fbbb346cbd67b3ae49f6d01
    size: 649598
    url: https://raw.githubusercontent.com/commercialhaskell/stackage-snapshots/master/lts/20/17.yaml
  original: lts-20.17
